// !$*UTF8*$!
{
	archiveVersion = 1;
	classes = {
	};
	objectVersion = 77;
	objects = {

/* Begin PBXBuildFile section */
		9D1322D32CEDBAD80037F684 /* AppDelegate.swift in Sources */ = {isa = PBXBuildFile; fileRef = 9D1322C92CEDBAD80037F684 /* AppDelegate.swift */; };
		9D1322D52CEDBAD80037F684 /* SceneDelegate.swift in Sources */ = {isa = PBXBuildFile; fileRef = 9D1322CF2CEDBAD80037F684 /* SceneDelegate.swift */; };
		9D1323D02CF2ACA80037F684 /* FeedViewController.swift in Sources */ = {isa = PBXBuildFile; fileRef = 9D1323CC2CF2ACA80037F684 /* FeedViewController.swift */; };
		9D1323D12CF2ACA80037F684 /* HomeViewController.swift in Sources */ = {isa = PBXBuildFile; fileRef = 9D1323CD2CF2ACA80037F684 /* HomeViewController.swift */; };
		9D1323D62CF2ACA80037F684 /* Assets.xcassets in Resources */ = {isa = PBXBuildFile; fileRef = 9D1323D22CF2ACA80037F684 /* Assets.xcassets */; };
		9D1323D72CF2ACA80037F684 /* DailyNote.xcdatamodeld in Sources */ = {isa = PBXBuildFile; fileRef = 9D1323D32CF2ACA80037F684 /* DailyNote.xcdatamodeld */; };
		9D1323E22CF2ACA80037F684 /* LaunchScreen.storyboard in Resources */ = {isa = PBXBuildFile; fileRef = 9D1323E02CF2ACA80037F684 /* LaunchScreen.storyboard */; };
		9D1323E32CF2ACA80037F684 /* FeedView.swift in Sources */ = {isa = PBXBuildFile; fileRef = 9D1323D82CF2ACA80037F684 /* FeedView.swift */; };
		9D1323E42CF2ACA80037F684 /* SelectedImageCollectionViewCell.swift in Sources */ = {isa = PBXBuildFile; fileRef = 9D1323D92CF2ACA80037F684 /* SelectedImageCollectionViewCell.swift */; };
		9D1323E52CF2ACA80037F684 /* HomeTableViewCell.swift in Sources */ = {isa = PBXBuildFile; fileRef = 9D1323DB2CF2ACA80037F684 /* HomeTableViewCell.swift */; };
		9D1323E62CF2ACA80037F684 /* HomeView.swift in Sources */ = {isa = PBXBuildFile; fileRef = 9D1323DC2CF2ACA80037F684 /* HomeView.swift */; };
		9D1323E72CF2ACA80037F684 /* ImageCollectionViewCell.swift in Sources */ = {isa = PBXBuildFile; fileRef = 9D1323DD2CF2ACA80037F684 /* ImageCollectionViewCell.swift */; };
/* End PBXBuildFile section */

/* Begin PBXContainerItemProxy section */
		9D13228B2CEDB9B60037F684 /* PBXContainerItemProxy */ = {
			isa = PBXContainerItemProxy;
			containerPortal = 9D1322692CEDB9B50037F684 /* Project object */;
			proxyType = 1;
			remoteGlobalIDString = 9D1322702CEDB9B50037F684;
			remoteInfo = DailyNote;
		};
		9D1322952CEDB9B60037F684 /* PBXContainerItemProxy */ = {
			isa = PBXContainerItemProxy;
			containerPortal = 9D1322692CEDB9B50037F684 /* Project object */;
			proxyType = 1;
			remoteGlobalIDString = 9D1322702CEDB9B50037F684;
			remoteInfo = DailyNote;
		};
/* End PBXContainerItemProxy section */

/* Begin PBXFileReference section */
		9D1322712CEDB9B50037F684 /* DailyNote.app */ = {isa = PBXFileReference; explicitFileType = wrapper.application; includeInIndex = 0; path = DailyNote.app; sourceTree = BUILT_PRODUCTS_DIR; };
		9D13228A2CEDB9B60037F684 /* DailyNoteTests.xctest */ = {isa = PBXFileReference; explicitFileType = wrapper.cfbundle; includeInIndex = 0; path = DailyNoteTests.xctest; sourceTree = BUILT_PRODUCTS_DIR; };
		9D1322942CEDB9B60037F684 /* DailyNoteUITests.xctest */ = {isa = PBXFileReference; explicitFileType = wrapper.cfbundle; includeInIndex = 0; path = DailyNoteUITests.xctest; sourceTree = BUILT_PRODUCTS_DIR; };
		9D1322C92CEDBAD80037F684 /* AppDelegate.swift */ = {isa = PBXFileReference; lastKnownFileType = sourcecode.swift; path = AppDelegate.swift; sourceTree = "<group>"; };
		9D1322CC2CEDBAD80037F684 /* Info.plist */ = {isa = PBXFileReference; lastKnownFileType = text.plist.xml; path = Info.plist; sourceTree = "<group>"; };
		9D1322CF2CEDBAD80037F684 /* SceneDelegate.swift */ = {isa = PBXFileReference; lastKnownFileType = sourcecode.swift; path = SceneDelegate.swift; sourceTree = "<group>"; };
		9D1323CC2CF2ACA80037F684 /* FeedViewController.swift */ = {isa = PBXFileReference; lastKnownFileType = sourcecode.swift; path = FeedViewController.swift; sourceTree = "<group>"; };
		9D1323CD2CF2ACA80037F684 /* HomeViewController.swift */ = {isa = PBXFileReference; lastKnownFileType = sourcecode.swift; path = HomeViewController.swift; sourceTree = "<group>"; };
		9D1323D22CF2ACA80037F684 /* Assets.xcassets */ = {isa = PBXFileReference; lastKnownFileType = folder.assetcatalog; path = Assets.xcassets; sourceTree = "<group>"; };
		9D1323D52CF2ACA80037F684 /* DailyNote.xcdatamodel */ = {isa = PBXFileReference; lastKnownFileType = wrapper.xcdatamodel; path = DailyNote.xcdatamodel; sourceTree = "<group>"; };
		9D1323D82CF2ACA80037F684 /* FeedView.swift */ = {isa = PBXFileReference; lastKnownFileType = sourcecode.swift; path = FeedView.swift; sourceTree = "<group>"; };
		9D1323D92CF2ACA80037F684 /* SelectedImageCollectionViewCell.swift */ = {isa = PBXFileReference; lastKnownFileType = sourcecode.swift; path = SelectedImageCollectionViewCell.swift; sourceTree = "<group>"; };
		9D1323DB2CF2ACA80037F684 /* HomeTableViewCell.swift */ = {isa = PBXFileReference; lastKnownFileType = sourcecode.swift; path = HomeTableViewCell.swift; sourceTree = "<group>"; };
		9D1323DC2CF2ACA80037F684 /* HomeView.swift */ = {isa = PBXFileReference; lastKnownFileType = sourcecode.swift; path = HomeView.swift; sourceTree = "<group>"; };
		9D1323DD2CF2ACA80037F684 /* ImageCollectionViewCell.swift */ = {isa = PBXFileReference; lastKnownFileType = sourcecode.swift; path = ImageCollectionViewCell.swift; sourceTree = "<group>"; };
		9D1323DF2CF2ACA80037F684 /* Base */ = {isa = PBXFileReference; lastKnownFileType = file.storyboard; name = Base; path = Base.lproj/LaunchScreen.storyboard; sourceTree = "<group>"; };
/* End PBXFileReference section */

/* Begin PBXFileSystemSynchronizedRootGroup section */
		9D13228D2CEDB9B60037F684 /* DailyNoteTests */ = {
			isa = PBXFileSystemSynchronizedRootGroup;
			path = DailyNoteTests;
			sourceTree = "<group>";
		};
		9D1322972CEDB9B60037F684 /* DailyNoteUITests */ = {
			isa = PBXFileSystemSynchronizedRootGroup;
			path = DailyNoteUITests;
			sourceTree = "<group>";
		};
/* End PBXFileSystemSynchronizedRootGroup section */

/* Begin PBXFrameworksBuildPhase section */
		9D13226E2CEDB9B50037F684 /* Frameworks */ = {
			isa = PBXFrameworksBuildPhase;
			buildActionMask = 2147483647;
			files = (
			);
			runOnlyForDeploymentPostprocessing = 0;
		};
		9D1322872CEDB9B60037F684 /* Frameworks */ = {
			isa = PBXFrameworksBuildPhase;
			buildActionMask = 2147483647;
			files = (
			);
			runOnlyForDeploymentPostprocessing = 0;
		};
		9D1322912CEDB9B60037F684 /* Frameworks */ = {
			isa = PBXFrameworksBuildPhase;
			buildActionMask = 2147483647;
			files = (
			);
			runOnlyForDeploymentPostprocessing = 0;
		};
/* End PBXFrameworksBuildPhase section */

/* Begin PBXGroup section */
		9D1322682CEDB9B50037F684 = {
			isa = PBXGroup;
			children = (
				9D1322D12CEDBAD80037F684 /* DailyNote */,
				9D13228D2CEDB9B60037F684 /* DailyNoteTests */,
				9D1322972CEDB9B60037F684 /* DailyNoteUITests */,
				9D1322722CEDB9B50037F684 /* Products */,
			);
			sourceTree = "<group>";
		};
		9D1322722CEDB9B50037F684 /* Products */ = {
			isa = PBXGroup;
			children = (
				9D1322712CEDB9B50037F684 /* DailyNote.app */,
				9D13228A2CEDB9B60037F684 /* DailyNoteTests.xctest */,
				9D1322942CEDB9B60037F684 /* DailyNoteUITests.xctest */,
			);
			name = Products;
			sourceTree = "<group>";
		};
		9D1322D12CEDBAD80037F684 /* DailyNote */ = {
			isa = PBXGroup;
			children = (
				9D1322CF2CEDBAD80037F684 /* SceneDelegate.swift */,
				9D1322C92CEDBAD80037F684 /* AppDelegate.swift */,
				9D1322CC2CEDBAD80037F684 /* Info.plist */,
				9D1323D42CF2ACA80037F684 /* Resource */,
				9D1323E82CF2ACA80037F684 /* Model */,
				9D1323E12CF2ACA80037F684 /* View */,
				9D1323CF2CF2ACA80037F684 /* Controller */,
			);
			path = DailyNote;
			sourceTree = "<group>";
		};
		9D1323CE2CF2ACA80037F684 /* Core */ = {
			isa = PBXGroup;
			children = (
				9D1323CC2CF2ACA80037F684 /* FeedViewController.swift */,
				9D1323CD2CF2ACA80037F684 /* HomeViewController.swift */,
			);
			path = Core;
			sourceTree = "<group>";
		};
		9D1323CF2CF2ACA80037F684 /* Controller */ = {
			isa = PBXGroup;
			children = (
				9D1323CE2CF2ACA80037F684 /* Core */,
			);
			path = Controller;
			sourceTree = "<group>";
		};
		9D1323D42CF2ACA80037F684 /* Resource */ = {
			isa = PBXGroup;
			children = (
				9D1323D22CF2ACA80037F684 /* Assets.xcassets */,
				9D1323D32CF2ACA80037F684 /* DailyNote.xcdatamodeld */,
			);
			path = Resource;
			sourceTree = "<group>";
		};
		9D1323DA2CF2ACA80037F684 /* FeedView */ = {
			isa = PBXGroup;
			children = (
				9D1323D82CF2ACA80037F684 /* FeedView.swift */,
				9D1323D92CF2ACA80037F684 /* SelectedImageCollectionViewCell.swift */,
			);
			path = FeedView;
			sourceTree = "<group>";
		};
		9D1323DE2CF2ACA80037F684 /* HomeView */ = {
			isa = PBXGroup;
			children = (
				9D1323DB2CF2ACA80037F684 /* HomeTableViewCell.swift */,
				9D1323DC2CF2ACA80037F684 /* HomeView.swift */,
				9D1323DD2CF2ACA80037F684 /* ImageCollectionViewCell.swift */,
			);
			path = HomeView;
			sourceTree = "<group>";
		};
		9D1323E12CF2ACA80037F684 /* View */ = {
			isa = PBXGroup;
			children = (
				9D1323DA2CF2ACA80037F684 /* FeedView */,
				9D1323DE2CF2ACA80037F684 /* HomeView */,
				9D1323E02CF2ACA80037F684 /* LaunchScreen.storyboard */,
			);
			path = View;
			sourceTree = "<group>";
		};
		9D1323E82CF2ACA80037F684 /* Model */ = {
			isa = PBXGroup;
			children = (
			);
			path = Model;
			sourceTree = "<group>";
		};
/* End PBXGroup section */

/* Begin PBXNativeTarget section */
		9D1322702CEDB9B50037F684 /* DailyNote */ = {
			isa = PBXNativeTarget;
			buildConfigurationList = 9D13229D2CEDB9B60037F684 /* Build configuration list for PBXNativeTarget "DailyNote" */;
			buildPhases = (
				9D13226D2CEDB9B50037F684 /* Sources */,
				9D13226E2CEDB9B50037F684 /* Frameworks */,
				9D13226F2CEDB9B50037F684 /* Resources */,
			);
			buildRules = (
			);
			dependencies = (
			);
			name = DailyNote;
			packageProductDependencies = (
			);
			productName = DailyNote;
			productReference = 9D1322712CEDB9B50037F684 /* DailyNote.app */;
			productType = "com.apple.product-type.application";
		};
		9D1322892CEDB9B60037F684 /* DailyNoteTests */ = {
			isa = PBXNativeTarget;
			buildConfigurationList = 9D1322A22CEDB9B60037F684 /* Build configuration list for PBXNativeTarget "DailyNoteTests" */;
			buildPhases = (
				9D1322862CEDB9B60037F684 /* Sources */,
				9D1322872CEDB9B60037F684 /* Frameworks */,
				9D1322882CEDB9B60037F684 /* Resources */,
			);
			buildRules = (
			);
			dependencies = (
				9D13228C2CEDB9B60037F684 /* PBXTargetDependency */,
			);
			fileSystemSynchronizedGroups = (
				9D13228D2CEDB9B60037F684 /* DailyNoteTests */,
			);
			name = DailyNoteTests;
			packageProductDependencies = (
			);
			productName = DailyNoteTests;
			productReference = 9D13228A2CEDB9B60037F684 /* DailyNoteTests.xctest */;
			productType = "com.apple.product-type.bundle.unit-test";
		};
		9D1322932CEDB9B60037F684 /* DailyNoteUITests */ = {
			isa = PBXNativeTarget;
			buildConfigurationList = 9D1322A52CEDB9B60037F684 /* Build configuration list for PBXNativeTarget "DailyNoteUITests" */;
			buildPhases = (
				9D1322902CEDB9B60037F684 /* Sources */,
				9D1322912CEDB9B60037F684 /* Frameworks */,
				9D1322922CEDB9B60037F684 /* Resources */,
			);
			buildRules = (
			);
			dependencies = (
				9D1322962CEDB9B60037F684 /* PBXTargetDependency */,
			);
			fileSystemSynchronizedGroups = (
				9D1322972CEDB9B60037F684 /* DailyNoteUITests */,
			);
			name = DailyNoteUITests;
			packageProductDependencies = (
			);
			productName = DailyNoteUITests;
			productReference = 9D1322942CEDB9B60037F684 /* DailyNoteUITests.xctest */;
			productType = "com.apple.product-type.bundle.ui-testing";
		};
/* End PBXNativeTarget section */

/* Begin PBXProject section */
		9D1322692CEDB9B50037F684 /* Project object */ = {
			isa = PBXProject;
			attributes = {
				BuildIndependentTargetsInParallel = 1;
				LastSwiftUpdateCheck = 1610;
				LastUpgradeCheck = 1610;
				TargetAttributes = {
					9D1322702CEDB9B50037F684 = {
						CreatedOnToolsVersion = 16.1;
					};
					9D1322892CEDB9B60037F684 = {
						CreatedOnToolsVersion = 16.1;
						TestTargetID = 9D1322702CEDB9B50037F684;
					};
					9D1322932CEDB9B60037F684 = {
						CreatedOnToolsVersion = 16.1;
						TestTargetID = 9D1322702CEDB9B50037F684;
					};
				};
			};
			buildConfigurationList = 9D13226C2CEDB9B50037F684 /* Build configuration list for PBXProject "DailyNote" */;
			developmentRegion = en;
			hasScannedForEncodings = 0;
			knownRegions = (
				en,
				Base,
			);
			mainGroup = 9D1322682CEDB9B50037F684;
			minimizedProjectReferenceProxies = 1;
			preferredProjectObjectVersion = 77;
			productRefGroup = 9D1322722CEDB9B50037F684 /* Products */;
			projectDirPath = "";
			projectRoot = "";
			targets = (
				9D1322702CEDB9B50037F684 /* DailyNote */,
				9D1322892CEDB9B60037F684 /* DailyNoteTests */,
				9D1322932CEDB9B60037F684 /* DailyNoteUITests */,
			);
		};
/* End PBXProject section */

/* Begin PBXResourcesBuildPhase section */
		9D13226F2CEDB9B50037F684 /* Resources */ = {
			isa = PBXResourcesBuildPhase;
			buildActionMask = 2147483647;
			files = (
				9D1323D62CF2ACA80037F684 /* Assets.xcassets in Resources */,
				9D1323E22CF2ACA80037F684 /* LaunchScreen.storyboard in Resources */,
			);
			runOnlyForDeploymentPostprocessing = 0;
		};
		9D1322882CEDB9B60037F684 /* Resources */ = {
			isa = PBXResourcesBuildPhase;
			buildActionMask = 2147483647;
			files = (
			);
			runOnlyForDeploymentPostprocessing = 0;
		};
		9D1322922CEDB9B60037F684 /* Resources */ = {
			isa = PBXResourcesBuildPhase;
			buildActionMask = 2147483647;
			files = (
			);
			runOnlyForDeploymentPostprocessing = 0;
		};
/* End PBXResourcesBuildPhase section */

/* Begin PBXSourcesBuildPhase section */
		9D13226D2CEDB9B50037F684 /* Sources */ = {
			isa = PBXSourcesBuildPhase;
			buildActionMask = 2147483647;
			files = (
				9D1323D72CF2ACA80037F684 /* DailyNote.xcdatamodeld in Sources */,
				9D1323D02CF2ACA80037F684 /* FeedViewController.swift in Sources */,
				9D1323E32CF2ACA80037F684 /* FeedView.swift in Sources */,
				9D1323E42CF2ACA80037F684 /* SelectedImageCollectionViewCell.swift in Sources */,
				9D1323E52CF2ACA80037F684 /* HomeTableViewCell.swift in Sources */,
				9D1323E62CF2ACA80037F684 /* HomeView.swift in Sources */,
				9D1323E72CF2ACA80037F684 /* ImageCollectionViewCell.swift in Sources */,
				9D1323D12CF2ACA80037F684 /* HomeViewController.swift in Sources */,
				9D1322D32CEDBAD80037F684 /* AppDelegate.swift in Sources */,
				9D1322D52CEDBAD80037F684 /* SceneDelegate.swift in Sources */,
			);
			runOnlyForDeploymentPostprocessing = 0;
		};
		9D1322862CEDB9B60037F684 /* Sources */ = {
			isa = PBXSourcesBuildPhase;
			buildActionMask = 2147483647;
			files = (
			);
			runOnlyForDeploymentPostprocessing = 0;
		};
		9D1322902CEDB9B60037F684 /* Sources */ = {
			isa = PBXSourcesBuildPhase;
			buildActionMask = 2147483647;
			files = (
			);
			runOnlyForDeploymentPostprocessing = 0;
		};
/* End PBXSourcesBuildPhase section */

/* Begin PBXTargetDependency section */
		9D13228C2CEDB9B60037F684 /* PBXTargetDependency */ = {
			isa = PBXTargetDependency;
			target = 9D1322702CEDB9B50037F684 /* DailyNote */;
			targetProxy = 9D13228B2CEDB9B60037F684 /* PBXContainerItemProxy */;
		};
		9D1322962CEDB9B60037F684 /* PBXTargetDependency */ = {
			isa = PBXTargetDependency;
			target = 9D1322702CEDB9B50037F684 /* DailyNote */;
			targetProxy = 9D1322952CEDB9B60037F684 /* PBXContainerItemProxy */;
		};
/* End PBXTargetDependency section */

/* Begin PBXVariantGroup section */
		9D1323E02CF2ACA80037F684 /* LaunchScreen.storyboard */ = {
			isa = PBXVariantGroup;
			children = (
				9D1323DF2CF2ACA80037F684 /* Base */,
			);
			name = LaunchScreen.storyboard;
			sourceTree = "<group>";
		};
/* End PBXVariantGroup section */

/* Begin XCBuildConfiguration section */
		9D13229E2CEDB9B60037F684 /* Debug */ = {
			isa = XCBuildConfiguration;
			buildSettings = {
				ASSETCATALOG_COMPILER_APPICON_NAME = AppIcon;
				ASSETCATALOG_COMPILER_GLOBAL_ACCENT_COLOR_NAME = AccentColor;
				CODE_SIGN_STYLE = Automatic;
				CURRENT_PROJECT_VERSION = 1;
				DEVELOPMENT_TEAM = P9NXT375QP;
				GENERATE_INFOPLIST_FILE = YES;
				INFOPLIST_FILE = DailyNote/Info.plist;
				INFOPLIST_KEY_LSApplicationCategoryType = "public.app-category.lifestyle";
				INFOPLIST_KEY_UIApplicationSupportsIndirectInputEvents = YES;
				INFOPLIST_KEY_UILaunchStoryboardName = LaunchScreen;
				INFOPLIST_KEY_UIStatusBarStyle = UIStatusBarStyleDarkContent;
				INFOPLIST_KEY_UISupportedInterfaceOrientations = UIInterfaceOrientationPortrait;
				INFOPLIST_KEY_UISupportedInterfaceOrientations_iPad = "UIInterfaceOrientationLandscapeLeft UIInterfaceOrientationLandscapeRight UIInterfaceOrientationPortrait UIInterfaceOrientationPortraitUpsideDown";
				IPHONEOS_DEPLOYMENT_TARGET = 15.6;
				LD_RUNPATH_SEARCH_PATHS = (
					"$(inherited)",
					"@executable_path/Frameworks",
				);
				MARKETING_VERSION = 1.0;
				PRODUCT_BUNDLE_IDENTIFIER = com.jungguen.DailyNote;
				PRODUCT_NAME = "$(TARGET_NAME)";
				SUPPORTED_PLATFORMS = "iphoneos iphonesimulator";
				SUPPORTS_MACCATALYST = NO;
				SUPPORTS_MAC_DESIGNED_FOR_IPHONE_IPAD = NO;
				SUPPORTS_XR_DESIGNED_FOR_IPHONE_IPAD = NO;
				SWIFT_EMIT_LOC_STRINGS = YES;
				SWIFT_VERSION = 5.0;
				TARGETED_DEVICE_FAMILY = 1;
			};
			name = Debug;
		};
		9D13229F2CEDB9B60037F684 /* Release */ = {
			isa = XCBuildConfiguration;
			buildSettings = {
				ASSETCATALOG_COMPILER_APPICON_NAME = AppIcon;
				ASSETCATALOG_COMPILER_GLOBAL_ACCENT_COLOR_NAME = AccentColor;
				CODE_SIGN_STYLE = Automatic;
				CURRENT_PROJECT_VERSION = 1;
				DEVELOPMENT_TEAM = P9NXT375QP;
				GENERATE_INFOPLIST_FILE = YES;
				INFOPLIST_FILE = DailyNote/Info.plist;
				INFOPLIST_KEY_LSApplicationCategoryType = "public.app-category.lifestyle";
				INFOPLIST_KEY_UIApplicationSupportsIndirectInputEvents = YES;
				INFOPLIST_KEY_UILaunchStoryboardName = LaunchScreen;
				INFOPLIST_KEY_UIStatusBarStyle = UIStatusBarStyleDarkContent;
				INFOPLIST_KEY_UISupportedInterfaceOrientations = UIInterfaceOrientationPortrait;
				INFOPLIST_KEY_UISupportedInterfaceOrientations_iPad = "UIInterfaceOrientationLandscapeLeft UIInterfaceOrientationLandscapeRight UIInterfaceOrientationPortrait UIInterfaceOrientationPortraitUpsideDown";
				IPHONEOS_DEPLOYMENT_TARGET = 15.6;
				LD_RUNPATH_SEARCH_PATHS = (
					"$(inherited)",
					"@executable_path/Frameworks",
				);
				MARKETING_VERSION = 1.0;
				PRODUCT_BUNDLE_IDENTIFIER = com.jungguen.DailyNote;
				PRODUCT_NAME = "$(TARGET_NAME)";
				SUPPORTED_PLATFORMS = "iphoneos iphonesimulator";
				SUPPORTS_MACCATALYST = NO;
				SUPPORTS_MAC_DESIGNED_FOR_IPHONE_IPAD = NO;
				SUPPORTS_XR_DESIGNED_FOR_IPHONE_IPAD = NO;
				SWIFT_EMIT_LOC_STRINGS = YES;
				SWIFT_VERSION = 5.0;
				TARGETED_DEVICE_FAMILY = 1;
			};
			name = Release;
		};
		9D1322A02CEDB9B60037F684 /* Debug */ = {
			isa = XCBuildConfiguration;
			buildSettings = {
				ALWAYS_SEARCH_USER_PATHS = NO;
				ASSETCATALOG_COMPILER_GENERATE_SWIFT_ASSET_SYMBOL_EXTENSIONS = YES;
				CLANG_ANALYZER_NONNULL = YES;
				CLANG_ANALYZER_NUMBER_OBJECT_CONVERSION = YES_AGGRESSIVE;
				CLANG_CXX_LANGUAGE_STANDARD = "gnu++20";
				CLANG_ENABLE_MODULES = YES;
				CLANG_ENABLE_OBJC_ARC = YES;
				CLANG_ENABLE_OBJC_WEAK = YES;
				CLANG_WARN_BLOCK_CAPTURE_AUTORELEASING = YES;
				CLANG_WARN_BOOL_CONVERSION = YES;
				CLANG_WARN_COMMA = YES;
				CLANG_WARN_CONSTANT_CONVERSION = YES;
				CLANG_WARN_DEPRECATED_OBJC_IMPLEMENTATIONS = YES;
				CLANG_WARN_DIRECT_OBJC_ISA_USAGE = YES_ERROR;
				CLANG_WARN_DOCUMENTATION_COMMENTS = YES;
				CLANG_WARN_EMPTY_BODY = YES;
				CLANG_WARN_ENUM_CONVERSION = YES;
				CLANG_WARN_INFINITE_RECURSION = YES;
				CLANG_WARN_INT_CONVERSION = YES;
				CLANG_WARN_NON_LITERAL_NULL_CONVERSION = YES;
				CLANG_WARN_OBJC_IMPLICIT_RETAIN_SELF = YES;
				CLANG_WARN_OBJC_LITERAL_CONVERSION = YES;
				CLANG_WARN_OBJC_ROOT_CLASS = YES_ERROR;
				CLANG_WARN_QUOTED_INCLUDE_IN_FRAMEWORK_HEADER = YES;
				CLANG_WARN_RANGE_LOOP_ANALYSIS = YES;
				CLANG_WARN_STRICT_PROTOTYPES = YES;
				CLANG_WARN_SUSPICIOUS_MOVE = YES;
				CLANG_WARN_UNGUARDED_AVAILABILITY = YES_AGGRESSIVE;
				CLANG_WARN_UNREACHABLE_CODE = YES;
				CLANG_WARN__DUPLICATE_METHOD_MATCH = YES;
				COPY_PHASE_STRIP = NO;
				DEBUG_INFORMATION_FORMAT = dwarf;
				ENABLE_STRICT_OBJC_MSGSEND = YES;
				ENABLE_TESTABILITY = YES;
				ENABLE_USER_SCRIPT_SANDBOXING = YES;
				GCC_C_LANGUAGE_STANDARD = gnu17;
				GCC_DYNAMIC_NO_PIC = NO;
				GCC_NO_COMMON_BLOCKS = YES;
				GCC_OPTIMIZATION_LEVEL = 0;
				GCC_PREPROCESSOR_DEFINITIONS = (
					"DEBUG=1",
					"$(inherited)",
				);
				GCC_WARN_64_TO_32_BIT_CONVERSION = YES;
				GCC_WARN_ABOUT_RETURN_TYPE = YES_ERROR;
				GCC_WARN_UNDECLARED_SELECTOR = YES;
				GCC_WARN_UNINITIALIZED_AUTOS = YES_AGGRESSIVE;
				GCC_WARN_UNUSED_FUNCTION = YES;
				GCC_WARN_UNUSED_VARIABLE = YES;
				IPHONEOS_DEPLOYMENT_TARGET = 18.1;
				LOCALIZATION_PREFERS_STRING_CATALOGS = YES;
				MTL_ENABLE_DEBUG_INFO = INCLUDE_SOURCE;
				MTL_FAST_MATH = YES;
				ONLY_ACTIVE_ARCH = YES;
				SDKROOT = iphoneos;
				SWIFT_ACTIVE_COMPILATION_CONDITIONS = "DEBUG $(inherited)";
				SWIFT_OPTIMIZATION_LEVEL = "-Onone";
			};
			name = Debug;
		};
		9D1322A12CEDB9B60037F684 /* Release */ = {
			isa = XCBuildConfiguration;
			buildSettings = {
				ALWAYS_SEARCH_USER_PATHS = NO;
				ASSETCATALOG_COMPILER_GENERATE_SWIFT_ASSET_SYMBOL_EXTENSIONS = YES;
				CLANG_ANALYZER_NONNULL = YES;
				CLANG_ANALYZER_NUMBER_OBJECT_CONVERSION = YES_AGGRESSIVE;
				CLANG_CXX_LANGUAGE_STANDARD = "gnu++20";
				CLANG_ENABLE_MODULES = YES;
				CLANG_ENABLE_OBJC_ARC = YES;
				CLANG_ENABLE_OBJC_WEAK = YES;
				CLANG_WARN_BLOCK_CAPTURE_AUTORELEASING = YES;
				CLANG_WARN_BOOL_CONVERSION = YES;
				CLANG_WARN_COMMA = YES;
				CLANG_WARN_CONSTANT_CONVERSION = YES;
				CLANG_WARN_DEPRECATED_OBJC_IMPLEMENTATIONS = YES;
				CLANG_WARN_DIRECT_OBJC_ISA_USAGE = YES_ERROR;
				CLANG_WARN_DOCUMENTATION_COMMENTS = YES;
				CLANG_WARN_EMPTY_BODY = YES;
				CLANG_WARN_ENUM_CONVERSION = YES;
				CLANG_WARN_INFINITE_RECURSION = YES;
				CLANG_WARN_INT_CONVERSION = YES;
				CLANG_WARN_NON_LITERAL_NULL_CONVERSION = YES;
				CLANG_WARN_OBJC_IMPLICIT_RETAIN_SELF = YES;
				CLANG_WARN_OBJC_LITERAL_CONVERSION = YES;
				CLANG_WARN_OBJC_ROOT_CLASS = YES_ERROR;
				CLANG_WARN_QUOTED_INCLUDE_IN_FRAMEWORK_HEADER = YES;
				CLANG_WARN_RANGE_LOOP_ANALYSIS = YES;
				CLANG_WARN_STRICT_PROTOTYPES = YES;
				CLANG_WARN_SUSPICIOUS_MOVE = YES;
				CLANG_WARN_UNGUARDED_AVAILABILITY = YES_AGGRESSIVE;
				CLANG_WARN_UNREACHABLE_CODE = YES;
				CLANG_WARN__DUPLICATE_METHOD_MATCH = YES;
				COPY_PHASE_STRIP = NO;
				DEBUG_INFORMATION_FORMAT = "dwarf-with-dsym";
				ENABLE_NS_ASSERTIONS = NO;
				ENABLE_STRICT_OBJC_MSGSEND = YES;
				ENABLE_USER_SCRIPT_SANDBOXING = YES;
				GCC_C_LANGUAGE_STANDARD = gnu17;
				GCC_NO_COMMON_BLOCKS = YES;
				GCC_WARN_64_TO_32_BIT_CONVERSION = YES;
				GCC_WARN_ABOUT_RETURN_TYPE = YES_ERROR;
				GCC_WARN_UNDECLARED_SELECTOR = YES;
				GCC_WARN_UNINITIALIZED_AUTOS = YES_AGGRESSIVE;
				GCC_WARN_UNUSED_FUNCTION = YES;
				GCC_WARN_UNUSED_VARIABLE = YES;
				IPHONEOS_DEPLOYMENT_TARGET = 18.1;
				LOCALIZATION_PREFERS_STRING_CATALOGS = YES;
				MTL_ENABLE_DEBUG_INFO = NO;
				MTL_FAST_MATH = YES;
				SDKROOT = iphoneos;
				SWIFT_COMPILATION_MODE = wholemodule;
				VALIDATE_PRODUCT = YES;
			};
			name = Release;
		};
		9D1322A32CEDB9B60037F684 /* Debug */ = {
			isa = XCBuildConfiguration;
			buildSettings = {
				BUNDLE_LOADER = "$(TEST_HOST)";
				CODE_SIGN_STYLE = Automatic;
				CURRENT_PROJECT_VERSION = 1;
				DEVELOPMENT_TEAM = P9NXT375QP;
				GENERATE_INFOPLIST_FILE = YES;
				IPHONEOS_DEPLOYMENT_TARGET = 18.1;
				MARKETING_VERSION = 1.0;
				PRODUCT_BUNDLE_IDENTIFIER = com.jungguen.DailyNoteTests;
				PRODUCT_NAME = "$(TARGET_NAME)";
				SWIFT_EMIT_LOC_STRINGS = NO;
				SWIFT_VERSION = 5.0;
				TARGETED_DEVICE_FAMILY = "1,2";
				TEST_HOST = "$(BUILT_PRODUCTS_DIR)/DailyNote.app/$(BUNDLE_EXECUTABLE_FOLDER_PATH)/DailyNote";
			};
			name = Debug;
		};
		9D1322A42CEDB9B60037F684 /* Release */ = {
			isa = XCBuildConfiguration;
			buildSettings = {
				BUNDLE_LOADER = "$(TEST_HOST)";
				CODE_SIGN_STYLE = Automatic;
				CURRENT_PROJECT_VERSION = 1;
				DEVELOPMENT_TEAM = P9NXT375QP;
				GENERATE_INFOPLIST_FILE = YES;
				IPHONEOS_DEPLOYMENT_TARGET = 18.1;
				MARKETING_VERSION = 1.0;
				PRODUCT_BUNDLE_IDENTIFIER = com.jungguen.DailyNoteTests;
				PRODUCT_NAME = "$(TARGET_NAME)";
				SWIFT_EMIT_LOC_STRINGS = NO;
				SWIFT_VERSION = 5.0;
				TARGETED_DEVICE_FAMILY = "1,2";
				TEST_HOST = "$(BUILT_PRODUCTS_DIR)/DailyNote.app/$(BUNDLE_EXECUTABLE_FOLDER_PATH)/DailyNote";
			};
			name = Release;
		};
		9D1322A62CEDB9B60037F684 /* Debug */ = {
			isa = XCBuildConfiguration;
			buildSettings = {
				CODE_SIGN_STYLE = Automatic;
				CURRENT_PROJECT_VERSION = 1;
				DEVELOPMENT_TEAM = P9NXT375QP;
				GENERATE_INFOPLIST_FILE = YES;
				MARKETING_VERSION = 1.0;
				PRODUCT_BUNDLE_IDENTIFIER = com.jungguen.DailyNoteUITests;
				PRODUCT_NAME = "$(TARGET_NAME)";
				SWIFT_EMIT_LOC_STRINGS = NO;
				SWIFT_VERSION = 5.0;
				TARGETED_DEVICE_FAMILY = "1,2";
				TEST_TARGET_NAME = DailyNote;
			};
			name = Debug;
		};
		9D1322A72CEDB9B60037F684 /* Release */ = {
			isa = XCBuildConfiguration;
			buildSettings = {
				CODE_SIGN_STYLE = Automatic;
				CURRENT_PROJECT_VERSION = 1;
				DEVELOPMENT_TEAM = P9NXT375QP;
				GENERATE_INFOPLIST_FILE = YES;
				MARKETING_VERSION = 1.0;
				PRODUCT_BUNDLE_IDENTIFIER = com.jungguen.DailyNoteUITests;
				PRODUCT_NAME = "$(TARGET_NAME)";
				SWIFT_EMIT_LOC_STRINGS = NO;
				SWIFT_VERSION = 5.0;
				TARGETED_DEVICE_FAMILY = "1,2";
				TEST_TARGET_NAME = DailyNote;
			};
			name = Release;
		};
/* End XCBuildConfiguration section */

/* Begin XCConfigurationList section */
		9D13226C2CEDB9B50037F684 /* Build configuration list for PBXProject "DailyNote" */ = {
			isa = XCConfigurationList;
			buildConfigurations = (
				9D1322A02CEDB9B60037F684 /* Debug */,
				9D1322A12CEDB9B60037F684 /* Release */,
			);
			defaultConfigurationIsVisible = 0;
			defaultConfigurationName = Release;
		};
		9D13229D2CEDB9B60037F684 /* Build configuration list for PBXNativeTarget "DailyNote" */ = {
			isa = XCConfigurationList;
			buildConfigurations = (
				9D13229E2CEDB9B60037F684 /* Debug */,
				9D13229F2CEDB9B60037F684 /* Release */,
			);
			defaultConfigurationIsVisible = 0;
			defaultConfigurationName = Release;
		};
		9D1322A22CEDB9B60037F684 /* Build configuration list for PBXNativeTarget "DailyNoteTests" */ = {
			isa = XCConfigurationList;
			buildConfigurations = (
				9D1322A32CEDB9B60037F684 /* Debug */,
				9D1322A42CEDB9B60037F684 /* Release */,
			);
			defaultConfigurationIsVisible = 0;
			defaultConfigurationName = Release;
		};
		9D1322A52CEDB9B60037F684 /* Build configuration list for PBXNativeTarget "DailyNoteUITests" */ = {
			isa = XCConfigurationList;
			buildConfigurations = (
				9D1322A62CEDB9B60037F684 /* Debug */,
				9D1322A72CEDB9B60037F684 /* Release */,
			);
			defaultConfigurationIsVisible = 0;
			defaultConfigurationName = Release;
		};
/* End XCConfigurationList section */

/* Begin XCVersionGroup section */
		9D1323D32CF2ACA80037F684 /* DailyNote.xcdatamodeld */ = {
			isa = XCVersionGroup;
			children = (
				9D1323D52CF2ACA80037F684 /* DailyNote.xcdatamodel */,
			);
			currentVersion = 9D1323D52CF2ACA80037F684 /* DailyNote.xcdatamodel */;
			path = DailyNote.xcdatamodeld;
			sourceTree = "<group>";
			versionGroupType = wrapper.xcdatamodel;
		};
/* End XCVersionGroup section */
	};
	rootObject = 9D1322692CEDB9B50037F684 /* Project object */;
}
